// !$*UTF8*$!
{
	archiveVersion = 1;
	classes = {
	};
	objectVersion = 46;
	objects = {

/* Begin PBXBuildFile section */
		DB8B3EF3BDE6555BFCE398C2 /* libPods-HomieProject_1.a in Frameworks */ = {isa = PBXBuildFile; fileRef = C2F82D6C0B9D7140020557CB /* libPods-HomieProject_1.a */; };
		E138364C1E07ADE0006583F8 /* ListViewController.swift in Sources */ = {isa = PBXBuildFile; fileRef = E138364B1E07ADE0006583F8 /* ListViewController.swift */; };
		E138364E1E07B3FB006583F8 /* DetailViewController.swift in Sources */ = {isa = PBXBuildFile; fileRef = E138364D1E07B3FB006583F8 /* DetailViewController.swift */; };
		E149B4D11E10EEAC0021F390 /* MyMapView.swift in Sources */ = {isa = PBXBuildFile; fileRef = E149B4D01E10EEAC0021F390 /* MyMapView.swift */; };
		E149B4D61E1109850021F390 /* MapKit.framework in Frameworks */ = {isa = PBXBuildFile; fileRef = E149B4D51E1109850021F390 /* MapKit.framework */; };
		E16B73861E1CE6240066E576 /* swift.png in Resources */ = {isa = PBXBuildFile; fileRef = E16B73851E1CE6240066E576 /* swift.png */; };
		E16B73891E1CE65D0066E576 /* defaultPhoto.png in Resources */ = {isa = PBXBuildFile; fileRef = E16B73871E1CE65D0066E576 /* defaultPhoto.png */; };
		E16B738A1E1CE65D0066E576 /* meal1.png in Resources */ = {isa = PBXBuildFile; fileRef = E16B73881E1CE65D0066E576 /* meal1.png */; };
		E16B738C1E1E27910066E576 /* RatingControl.swift in Sources */ = {isa = PBXBuildFile; fileRef = E16B738B1E1E27910066E576 /* RatingControl.swift */; };
		E16B738E1E1E29B90066E576 /* Meal.swift in Sources */ = {isa = PBXBuildFile; fileRef = E16B738D1E1E29B90066E576 /* Meal.swift */; };
		E16B73901E1E2F1A0066E576 /* MealTableViewCell.swift in Sources */ = {isa = PBXBuildFile; fileRef = E16B738F1E1E2F1A0066E576 /* MealTableViewCell.swift */; };
		E16B73921E1E3B700066E576 /* ExampleTableViewController.swift in Sources */ = {isa = PBXBuildFile; fileRef = E16B73911E1E3B700066E576 /* ExampleTableViewController.swift */; };
		E1A27C8F1DC04A57003AA7B7 /* AppDelegate.swift in Sources */ = {isa = PBXBuildFile; fileRef = E1A27C8E1DC04A57003AA7B7 /* AppDelegate.swift */; };
		E1A27C941DC04A57003AA7B7 /* Main.storyboard in Resources */ = {isa = PBXBuildFile; fileRef = E1A27C921DC04A57003AA7B7 /* Main.storyboard */; };
		E1A27C961DC04A57003AA7B7 /* Assets.xcassets in Resources */ = {isa = PBXBuildFile; fileRef = E1A27C951DC04A57003AA7B7 /* Assets.xcassets */; };
		E1A27C991DC04A57003AA7B7 /* LaunchScreen.storyboard in Resources */ = {isa = PBXBuildFile; fileRef = E1A27C971DC04A57003AA7B7 /* LaunchScreen.storyboard */; };
		E1A27CA41DC04B30003AA7B7 /* cloud_bg_full.png in Resources */ = {isa = PBXBuildFile; fileRef = E1A27CA01DC04B30003AA7B7 /* cloud_bg_full.png */; };
		E1A27CA51DC04B30003AA7B7 /* rain_bg_full.png in Resources */ = {isa = PBXBuildFile; fileRef = E1A27CA11DC04B30003AA7B7 /* rain_bg_full.png */; };
		E1A27CA61DC04B30003AA7B7 /* snow_bg_full.png in Resources */ = {isa = PBXBuildFile; fileRef = E1A27CA21DC04B30003AA7B7 /* snow_bg_full.png */; };
		E1A27CA71DC04B30003AA7B7 /* sun_bg_full.png in Resources */ = {isa = PBXBuildFile; fileRef = E1A27CA31DC04B30003AA7B7 /* sun_bg_full.png */; };
/* End PBXBuildFile section */

/* Begin PBXFileReference section */
		828682D2CF4F6A487759C67C /* Pods-HomieProject_1.release.xcconfig */ = {isa = PBXFileReference; includeInIndex = 1; lastKnownFileType = text.xcconfig; name = "Pods-HomieProject_1.release.xcconfig"; path = "Pods/Target Support Files/Pods-HomieProject_1/Pods-HomieProject_1.release.xcconfig"; sourceTree = "<group>"; };
		C2F82D6C0B9D7140020557CB /* libPods-HomieProject_1.a */ = {isa = PBXFileReference; explicitFileType = archive.ar; includeInIndex = 0; path = "libPods-HomieProject_1.a"; sourceTree = BUILT_PRODUCTS_DIR; };
		D1798B0228D4C47DCC316AEB /* Pods-HomieProject_1.debug.xcconfig */ = {isa = PBXFileReference; includeInIndex = 1; lastKnownFileType = text.xcconfig; name = "Pods-HomieProject_1.debug.xcconfig"; path = "Pods/Target Support Files/Pods-HomieProject_1/Pods-HomieProject_1.debug.xcconfig"; sourceTree = "<group>"; };
		E138364B1E07ADE0006583F8 /* ListViewController.swift */ = {isa = PBXFileReference; fileEncoding = 4; lastKnownFileType = sourcecode.swift; path = ListViewController.swift; sourceTree = "<group>"; };
		E138364D1E07B3FB006583F8 /* DetailViewController.swift */ = {isa = PBXFileReference; fileEncoding = 4; lastKnownFileType = sourcecode.swift; path = DetailViewController.swift; sourceTree = "<group>"; };
		E149B4D01E10EEAC0021F390 /* MyMapView.swift */ = {isa = PBXFileReference; fileEncoding = 4; lastKnownFileType = sourcecode.swift; path = MyMapView.swift; sourceTree = "<group>"; };
		E149B4D51E1109850021F390 /* MapKit.framework */ = {isa = PBXFileReference; lastKnownFileType = wrapper.framework; name = MapKit.framework; path = System/Library/Frameworks/MapKit.framework; sourceTree = SDKROOT; };
		E16B73851E1CE6240066E576 /* swift.png */ = {isa = PBXFileReference; lastKnownFileType = image.png; path = swift.png; sourceTree = "<group>"; };
		E16B73871E1CE65D0066E576 /* defaultPhoto.png */ = {isa = PBXFileReference; lastKnownFileType = image.png; path = defaultPhoto.png; sourceTree = "<group>"; };
		E16B73881E1CE65D0066E576 /* meal1.png */ = {isa = PBXFileReference; lastKnownFileType = image.png; path = meal1.png; sourceTree = "<group>"; };
		E16B738B1E1E27910066E576 /* RatingControl.swift */ = {isa = PBXFileReference; fileEncoding = 4; lastKnownFileType = sourcecode.swift; path = RatingControl.swift; sourceTree = "<group>"; };
		E16B738D1E1E29B90066E576 /* Meal.swift */ = {isa = PBXFileReference; fileEncoding = 4; lastKnownFileType = sourcecode.swift; path = Meal.swift; sourceTree = "<group>"; };
		E16B738F1E1E2F1A0066E576 /* MealTableViewCell.swift */ = {isa = PBXFileReference; fileEncoding = 4; lastKnownFileType = sourcecode.swift; path = MealTableViewCell.swift; sourceTree = "<group>"; };
		E16B73911E1E3B700066E576 /* ExampleTableViewController.swift */ = {isa = PBXFileReference; fileEncoding = 4; lastKnownFileType = sourcecode.swift; path = ExampleTableViewController.swift; sourceTree = "<group>"; };
		E1A27C8B1DC04A57003AA7B7 /* HomieProject_1.app */ = {isa = PBXFileReference; explicitFileType = wrapper.application; includeInIndex = 0; path = HomieProject_1.app; sourceTree = BUILT_PRODUCTS_DIR; };
		E1A27C8E1DC04A57003AA7B7 /* AppDelegate.swift */ = {isa = PBXFileReference; lastKnownFileType = sourcecode.swift; path = AppDelegate.swift; sourceTree = "<group>"; };
		E1A27C931DC04A57003AA7B7 /* Base */ = {isa = PBXFileReference; lastKnownFileType = file.storyboard; name = Base; path = Base.lproj/Main.storyboard; sourceTree = "<group>"; };
		E1A27C951DC04A57003AA7B7 /* Assets.xcassets */ = {isa = PBXFileReference; lastKnownFileType = folder.assetcatalog; path = Assets.xcassets; sourceTree = "<group>"; };
		E1A27C981DC04A57003AA7B7 /* Base */ = {isa = PBXFileReference; lastKnownFileType = file.storyboard; name = Base; path = Base.lproj/LaunchScreen.storyboard; sourceTree = "<group>"; };
		E1A27C9A1DC04A57003AA7B7 /* Info.plist */ = {isa = PBXFileReference; lastKnownFileType = text.plist.xml; path = Info.plist; sourceTree = "<group>"; };
		E1A27CA01DC04B30003AA7B7 /* cloud_bg_full.png */ = {isa = PBXFileReference; lastKnownFileType = image.png; path = cloud_bg_full.png; sourceTree = "<group>"; };
		E1A27CA11DC04B30003AA7B7 /* rain_bg_full.png */ = {isa = PBXFileReference; lastKnownFileType = image.png; path = rain_bg_full.png; sourceTree = "<group>"; };
		E1A27CA21DC04B30003AA7B7 /* snow_bg_full.png */ = {isa = PBXFileReference; lastKnownFileType = image.png; path = snow_bg_full.png; sourceTree = "<group>"; };
		E1A27CA31DC04B30003AA7B7 /* sun_bg_full.png */ = {isa = PBXFileReference; lastKnownFileType = image.png; path = sun_bg_full.png; sourceTree = "<group>"; };
/* End PBXFileReference section */

/* Begin PBXFrameworksBuildPhase section */
		E1A27C881DC04A57003AA7B7 /* Frameworks */ = {
			isa = PBXFrameworksBuildPhase;
			buildActionMask = 2147483647;
			files = (
				E149B4D61E1109850021F390 /* MapKit.framework in Frameworks */,
				DB8B3EF3BDE6555BFCE398C2 /* libPods-HomieProject_1.a in Frameworks */,
			);
			runOnlyForDeploymentPostprocessing = 0;
		};
/* End PBXFrameworksBuildPhase section */

/* Begin PBXGroup section */
		6180AB90C4636C41C708E641 /* Pods */ = {
			isa = PBXGroup;
			children = (
				D1798B0228D4C47DCC316AEB /* Pods-HomieProject_1.debug.xcconfig */,
				828682D2CF4F6A487759C67C /* Pods-HomieProject_1.release.xcconfig */,
			);
			name = Pods;
			sourceTree = "<group>";
		};
		E138364A1E07AB4D006583F8 /* Resources */ = {
			isa = PBXGroup;
			children = (
				E1A27CA81DC04B36003AA7B7 /* Images */,
				E1A27C951DC04A57003AA7B7 /* Assets.xcassets */,
				E16B73911E1E3B700066E576 /* ExampleTableViewController.swift */,
				E1A27C971DC04A57003AA7B7 /* LaunchScreen.storyboard */,
				E1A27C9A1DC04A57003AA7B7 /* Info.plist */,
			);
			name = Resources;
			sourceTree = "<group>";
		};
		E149B4D41E1109850021F390 /* Frameworks */ = {
			isa = PBXGroup;
			children = (
				E149B4D51E1109850021F390 /* MapKit.framework */,
				C2F82D6C0B9D7140020557CB /* libPods-HomieProject_1.a */,
			);
			name = Frameworks;
			sourceTree = "<group>";
		};
		E1A27C821DC04A57003AA7B7 = {
			isa = PBXGroup;
			children = (
				E1A27C8D1DC04A57003AA7B7 /* HomieProject_1 */,
				E1A27C8C1DC04A57003AA7B7 /* Products */,
				E149B4D41E1109850021F390 /* Frameworks */,
				6180AB90C4636C41C708E641 /* Pods */,
			);
			sourceTree = "<group>";
		};
		E1A27C8C1DC04A57003AA7B7 /* Products */ = {
			isa = PBXGroup;
			children = (
				E1A27C8B1DC04A57003AA7B7 /* HomieProject_1.app */,
			);
			name = Products;
			sourceTree = "<group>";
		};
		E1A27C8D1DC04A57003AA7B7 /* HomieProject_1 */ = {
			isa = PBXGroup;
			children = (
				E1A27C8E1DC04A57003AA7B7 /* AppDelegate.swift */,
				E138364B1E07ADE0006583F8 /* ListViewController.swift */,
				E138364D1E07B3FB006583F8 /* DetailViewController.swift */,
				E16B738B1E1E27910066E576 /* RatingControl.swift */,
				E16B738D1E1E29B90066E576 /* Meal.swift */,
				E16B738F1E1E2F1A0066E576 /* MealTableViewCell.swift */,
				E1A27C921DC04A57003AA7B7 /* Main.storyboard */,
				E149B4D01E10EEAC0021F390 /* MyMapView.swift */,
				E138364A1E07AB4D006583F8 /* Resources */,
			);
			path = HomieProject_1;
			sourceTree = "<group>";
		};
		E1A27CA81DC04B36003AA7B7 /* Images */ = {
			isa = PBXGroup;
			children = (
				E16B73881E1CE65D0066E576 /* meal1.png */,
				E16B73851E1CE6240066E576 /* swift.png */,
				E1A27CA01DC04B30003AA7B7 /* cloud_bg_full.png */,
				E1A27CA11DC04B30003AA7B7 /* rain_bg_full.png */,
				E16B73871E1CE65D0066E576 /* defaultPhoto.png */,
				E1A27CA21DC04B30003AA7B7 /* snow_bg_full.png */,
				E1A27CA31DC04B30003AA7B7 /* sun_bg_full.png */,
			);
			name = Images;
			sourceTree = "<group>";
		};
/* End PBXGroup section */

/* Begin PBXNativeTarget section */
		E1A27C8A1DC04A57003AA7B7 /* HomieProject_1 */ = {
			isa = PBXNativeTarget;
			buildConfigurationList = E1A27C9D1DC04A57003AA7B7 /* Build configuration list for PBXNativeTarget "HomieProject_1" */;
			buildPhases = (
				9D7D83FF8312B88DCA7E4C57 /* [CP] Check Pods Manifest.lock */,
				E1A27C871DC04A57003AA7B7 /* Sources */,
				E1A27C881DC04A57003AA7B7 /* Frameworks */,
				E1A27C891DC04A57003AA7B7 /* Resources */,
				45F5C9BFC7F5573D0EBDF8BA /* [CP] Embed Pods Frameworks */,
				C1A57201EDAB497DBD60B428 /* [CP] Copy Pods Resources */,
			);
			buildRules = (
			);
			dependencies = (
			);
			name = HomieProject_1;
			productName = HomieProject_1;
			productReference = E1A27C8B1DC04A57003AA7B7 /* HomieProject_1.app */;
			productType = "com.apple.product-type.application";
		};
/* End PBXNativeTarget section */

/* Begin PBXProject section */
		E1A27C831DC04A57003AA7B7 /* Project object */ = {
			isa = PBXProject;
			attributes = {
				LastSwiftUpdateCheck = 0800;
				LastUpgradeCheck = 0820;
				ORGANIZATIONNAME = "yonghwankim's macbook";
				TargetAttributes = {
					E1A27C8A1DC04A57003AA7B7 = {
						CreatedOnToolsVersion = 8.0;
						DevelopmentTeam = 2S2GLU99NP;
						ProvisioningStyle = Automatic;
						SystemCapabilities = {
							com.apple.Maps.iOS = {
								enabled = 1;
							};
						};
					};
				};
			};
			buildConfigurationList = E1A27C861DC04A57003AA7B7 /* Build configuration list for PBXProject "HomieProject_1" */;
			compatibilityVersion = "Xcode 3.2";
			developmentRegion = English;
			hasScannedForEncodings = 0;
			knownRegions = (
				en,
				Base,
			);
			mainGroup = E1A27C821DC04A57003AA7B7;
			productRefGroup = E1A27C8C1DC04A57003AA7B7 /* Products */;
			projectDirPath = "";
			projectRoot = "";
			targets = (
				E1A27C8A1DC04A57003AA7B7 /* HomieProject_1 */,
			);
		};
/* End PBXProject section */

/* Begin PBXResourcesBuildPhase section */
		E1A27C891DC04A57003AA7B7 /* Resources */ = {
			isa = PBXResourcesBuildPhase;
			buildActionMask = 2147483647;
			files = (
				E1A27C991DC04A57003AA7B7 /* LaunchScreen.storyboard in Resources */,
				E16B73861E1CE6240066E576 /* swift.png in Resources */,
				E1A27CA41DC04B30003AA7B7 /* cloud_bg_full.png in Resources */,
				E1A27CA71DC04B30003AA7B7 /* sun_bg_full.png in Resources */,
				E16B73891E1CE65D0066E576 /* defaultPhoto.png in Resources */,
				E1A27CA61DC04B30003AA7B7 /* snow_bg_full.png in Resources */,
				E16B738A1E1CE65D0066E576 /* meal1.png in Resources */,
				E1A27CA51DC04B30003AA7B7 /* rain_bg_full.png in Resources */,
				E1A27C961DC04A57003AA7B7 /* Assets.xcassets in Resources */,
				E1A27C941DC04A57003AA7B7 /* Main.storyboard in Resources */,
			);
			runOnlyForDeploymentPostprocessing = 0;
		};
/* End PBXResourcesBuildPhase section */

/* Begin PBXShellScriptBuildPhase section */
		45F5C9BFC7F5573D0EBDF8BA /* [CP] Embed Pods Frameworks */ = {
			isa = PBXShellScriptBuildPhase;
			buildActionMask = 2147483647;
			files = (
			);
			inputPaths = (
			);
			name = "[CP] Embed Pods Frameworks";
			outputPaths = (
			);
			runOnlyForDeploymentPostprocessing = 0;
			shellPath = /bin/sh;
			shellScript = "\"${SRCROOT}/Pods/Target Support Files/Pods-HomieProject_1/Pods-HomieProject_1-frameworks.sh\"\n";
			showEnvVarsInLog = 0;
		};
		9D7D83FF8312B88DCA7E4C57 /* [CP] Check Pods Manifest.lock */ = {
			isa = PBXShellScriptBuildPhase;
			buildActionMask = 2147483647;
			files = (
			);
			inputPaths = (
			);
			name = "[CP] Check Pods Manifest.lock";
			outputPaths = (
			);
			runOnlyForDeploymentPostprocessing = 0;
			shellPath = /bin/sh;
			shellScript = "diff \"${PODS_ROOT}/../Podfile.lock\" \"${PODS_ROOT}/Manifest.lock\" > /dev/null\nif [[ $? != 0 ]] ; then\n    cat << EOM\nerror: The sandbox is not in sync with the Podfile.lock. Run 'pod install' or update your CocoaPods installation.\nEOM\n    exit 1\nfi\n";
			showEnvVarsInLog = 0;
		};
		C1A57201EDAB497DBD60B428 /* [CP] Copy Pods Resources */ = {
			isa = PBXShellScriptBuildPhase;
			buildActionMask = 2147483647;
			files = (
			);
			inputPaths = (
			);
			name = "[CP] Copy Pods Resources";
			outputPaths = (
			);
			runOnlyForDeploymentPostprocessing = 0;
			shellPath = /bin/sh;
			shellScript = "\"${SRCROOT}/Pods/Target Support Files/Pods-HomieProject_1/Pods-HomieProject_1-resources.sh\"\n";
			showEnvVarsInLog = 0;
		};
/* End PBXShellScriptBuildPhase section */

/* Begin PBXSourcesBuildPhase section */
		E1A27C871DC04A57003AA7B7 /* Sources */ = {
			isa = PBXSourcesBuildPhase;
			buildActionMask = 2147483647;
			files = (
				E138364E1E07B3FB006583F8 /* DetailViewController.swift in Sources */,
				E138364C1E07ADE0006583F8 /* ListViewController.swift in Sources */,
				E16B73901E1E2F1A0066E576 /* MealTableViewCell.swift in Sources */,
				E149B4D11E10EEAC0021F390 /* MyMapView.swift in Sources */,
				E16B73921E1E3B700066E576 /* ExampleTableViewController.swift in Sources */,
				E16B738C1E1E27910066E576 /* RatingControl.swift in Sources */,
				E16B738E1E1E29B90066E576 /* Meal.swift in Sources */,
				E1A27C8F1DC04A57003AA7B7 /* AppDelegate.swift in Sources */,
			);
			runOnlyForDeploymentPostprocessing = 0;
		};
/* End PBXSourcesBuildPhase section */

/* Begin PBXVariantGroup section */
		E1A27C921DC04A57003AA7B7 /* Main.storyboard */ = {
			isa = PBXVariantGroup;
			children = (
				E1A27C931DC04A57003AA7B7 /* Base */,
			);
			name = Main.storyboard;
			sourceTree = "<group>";
		};
		E1A27C971DC04A57003AA7B7 /* LaunchScreen.storyboard */ = {
			isa = PBXVariantGroup;
			children = (
				E1A27C981DC04A57003AA7B7 /* Base */,
			);
			name = LaunchScreen.storyboard;
			sourceTree = "<group>";
		};
/* End PBXVariantGroup section */

/* Begin XCBuildConfiguration section */
		E1A27C9B1DC04A57003AA7B7 /* Debug */ = {
			isa = XCBuildConfiguration;
			buildSettings = {
				ALWAYS_SEARCH_USER_PATHS = NO;
				CLANG_ANALYZER_NONNULL = YES;
				CLANG_CXX_LANGUAGE_STANDARD = "gnu++0x";
				CLANG_CXX_LIBRARY = "libc++";
				CLANG_ENABLE_MODULES = YES;
				CLANG_ENABLE_OBJC_ARC = YES;
				CLANG_WARN_BOOL_CONVERSION = YES;
				CLANG_WARN_CONSTANT_CONVERSION = YES;
				CLANG_WARN_DIRECT_OBJC_ISA_USAGE = YES_ERROR;
				CLANG_WARN_DOCUMENTATION_COMMENTS = YES;
				CLANG_WARN_EMPTY_BODY = YES;
				CLANG_WARN_ENUM_CONVERSION = YES;
				CLANG_WARN_INFINITE_RECURSION = YES;
				CLANG_WARN_INT_CONVERSION = YES;
				CLANG_WARN_OBJC_ROOT_CLASS = YES_ERROR;
				CLANG_WARN_SUSPICIOUS_MOVE = YES;
				CLANG_WARN_SUSPICIOUS_MOVES = YES;
				CLANG_WARN_UNREACHABLE_CODE = YES;
				CLANG_WARN__DUPLICATE_METHOD_MATCH = YES;
				"CODE_SIGN_IDENTITY[sdk=iphoneos*]" = "iPhone Developer";
				COPY_PHASE_STRIP = NO;
				DEBUG_INFORMATION_FORMAT = dwarf;
				ENABLE_STRICT_OBJC_MSGSEND = YES;
				ENABLE_TESTABILITY = YES;
				GCC_C_LANGUAGE_STANDARD = gnu99;
				GCC_DYNAMIC_NO_PIC = NO;
				GCC_NO_COMMON_BLOCKS = YES;
				GCC_OPTIMIZATION_LEVEL = 0;
				GCC_PREPROCESSOR_DEFINITIONS = (
					"DEBUG=1",
					"$(inherited)",
				);
				GCC_WARN_64_TO_32_BIT_CONVERSION = YES;
				GCC_WARN_ABOUT_RETURN_TYPE = YES_ERROR;
				GCC_WARN_UNDECLARED_SELECTOR = YES;
				GCC_WARN_UNINITIALIZED_AUTOS = YES_AGGRESSIVE;
				GCC_WARN_UNUSED_FUNCTION = YES;
				GCC_WARN_UNUSED_VARIABLE = YES;
				IPHONEOS_DEPLOYMENT_TARGET = 9.0;
				MTL_ENABLE_DEBUG_INFO = YES;
				ONLY_ACTIVE_ARCH = YES;
				SDKROOT = iphoneos;
				SWIFT_ACTIVE_COMPILATION_CONDITIONS = DEBUG;
				SWIFT_OPTIMIZATION_LEVEL = "-Onone";
			};
			name = Debug;
		};
		E1A27C9C1DC04A57003AA7B7 /* Release */ = {
			isa = XCBuildConfiguration;
			buildSettings = {
				ALWAYS_SEARCH_USER_PATHS = NO;
				CLANG_ANALYZER_NONNULL = YES;
				CLANG_CXX_LANGUAGE_STANDARD = "gnu++0x";
				CLANG_CXX_LIBRARY = "libc++";
				CLANG_ENABLE_MODULES = YES;
				CLANG_ENABLE_OBJC_ARC = YES;
				CLANG_WARN_BOOL_CONVERSION = YES;
				CLANG_WARN_CONSTANT_CONVERSION = YES;
				CLANG_WARN_DIRECT_OBJC_ISA_USAGE = YES_ERROR;
				CLANG_WARN_DOCUMENTATION_COMMENTS = YES;
				CLANG_WARN_EMPTY_BODY = YES;
				CLANG_WARN_ENUM_CONVERSION = YES;
				CLANG_WARN_INFINITE_RECURSION = YES;
				CLANG_WARN_INT_CONVERSION = YES;
				CLANG_WARN_OBJC_ROOT_CLASS = YES_ERROR;
				CLANG_WARN_SUSPICIOUS_MOVE = YES;
				CLANG_WARN_SUSPICIOUS_MOVES = YES;
				CLANG_WARN_UNREACHABLE_CODE = YES;
				CLANG_WARN__DUPLICATE_METHOD_MATCH = YES;
				"CODE_SIGN_IDENTITY[sdk=iphoneos*]" = "iPhone Developer";
				COPY_PHASE_STRIP = NO;
				DEBUG_INFORMATION_FORMAT = "dwarf-with-dsym";
				ENABLE_NS_ASSERTIONS = NO;
				ENABLE_STRICT_OBJC_MSGSEND = YES;
				GCC_C_LANGUAGE_STANDARD = gnu99;
				GCC_NO_COMMON_BLOCKS = YES;
				GCC_WARN_64_TO_32_BIT_CONVERSION = YES;
				GCC_WARN_ABOUT_RETURN_TYPE = YES_ERROR;
				GCC_WARN_UNDECLARED_SELECTOR = YES;
				GCC_WARN_UNINITIALIZED_AUTOS = YES_AGGRESSIVE;
				GCC_WARN_UNUSED_FUNCTION = YES;
				GCC_WARN_UNUSED_VARIABLE = YES;
				IPHONEOS_DEPLOYMENT_TARGET = 9.0;
				MTL_ENABLE_DEBUG_INFO = NO;
				SDKROOT = iphoneos;
				SWIFT_OPTIMIZATION_LEVEL = "-Owholemodule";
				VALIDATE_PRODUCT = YES;
			};
			name = Release;
		};
		E1A27C9E1DC04A57003AA7B7 /* Debug */ = {
			isa = XCBuildConfiguration;
			baseConfigurationReference = D1798B0228D4C47DCC316AEB /* Pods-HomieProject_1.debug.xcconfig */;
			buildSettings = {
				ASSETCATALOG_COMPILER_APPICON_NAME = AppIcon;
				DEVELOPMENT_TEAM = 2S2GLU99NP;
				INFOPLIST_FILE = HomieProject_1/Info.plist;
				LD_RUNPATH_SEARCH_PATHS = "$(inherited) @executable_path/Frameworks";
				PRODUCT_BUNDLE_IDENTIFIER = "io.yonghwan.developer.HomieProject-1";
				PRODUCT_NAME = "$(TARGET_NAME)";
				SWIFT_VERSION = 3.0;
			};
			name = Debug;
		};
		E1A27C9F1DC04A57003AA7B7 /* Release */ = {
			isa = XCBuildConfiguration;
			baseConfigurationReference = 828682D2CF4F6A487759C67C /* Pods-HomieProject_1.release.xcconfig */;
			buildSettings = {
				ASSETCATALOG_COMPILER_APPICON_NAME = AppIcon;
				DEVELOPMENT_TEAM = 2S2GLU99NP;
				INFOPLIST_FILE = HomieProject_1/Info.plist;
				LD_RUNPATH_SEARCH_PATHS = "$(inherited) @executable_path/Frameworks";
				PRODUCT_BUNDLE_IDENTIFIER = "io.yonghwan.developer.HomieProject-1";
				PRODUCT_NAME = "$(TARGET_NAME)";
				SWIFT_VERSION = 3.0;
			};
			name = Release;
		};
/* End XCBuildConfiguration section */

/* Begin XCConfigurationList section */
		E1A27C861DC04A57003AA7B7 /* Build configuration list for PBXProject "HomieProject_1" */ = {
			isa = XCConfigurationList;
			buildConfigurations = (
				E1A27C9B1DC04A57003AA7B7 /* Debug */,
				E1A27C9C1DC04A57003AA7B7 /* Release */,
			);
			defaultConfigurationIsVisible = 0;
			defaultConfigurationName = Release;
		};
		E1A27C9D1DC04A57003AA7B7 /* Build configuration list for PBXNativeTarget "HomieProject_1" */ = {
			isa = XCConfigurationList;
			buildConfigurations = (
				E1A27C9E1DC04A57003AA7B7 /* Debug */,
				E1A27C9F1DC04A57003AA7B7 /* Release */,
			);
			defaultConfigurationIsVisible = 0;
			defaultConfigurationName = Release;
		};
/* End XCConfigurationList section */
	};
	rootObject = E1A27C831DC04A57003AA7B7 /* Project object */;
}
